
Microsoft Visual Studio Solution File, Format Version 12.00
# Visual Studio 15
VisualStudioVersion = 15.0.26403.7
MinimumVisualStudioVersion = 10.0.40219.1
Project("{2150E333-8FDC-42A3-9474-1A3956D46DE8}") = "Solution Items", "Solution Items", "{FE961EF8-3171-45E7-B487-39CA2FA1722E}"
	ProjectSection(SolutionItems) = preProject
		.gitignore = .gitignore
		.travis.yml = .travis.yml
		README.md = README.md
	EndProjectSection
EndProject
Project("{FAE04EC0-301F-11D3-BF4B-00C04F79EFBC}") = "Aapi.Seminars.Business", "Aapi.Seminars.Business\Aapi.Seminars.Business.csproj", "{B355AC4A-0414-4160-8449-EC0F26987CBD}"
EndProject
Project("{FAE04EC0-301F-11D3-BF4B-00C04F79EFBC}") = "Aapi.Seminars.Data", "Aapi.Seminars.Data\Aapi.Seminars.Data.csproj", "{4627D5B0-9E3B-4D8A-9192-98378620F893}"
EndProject
Project("{FAE04EC0-301F-11D3-BF4B-00C04F79EFBC}") = "Aapi.Seminars.Data.Tests", "Aapi.Seminars.Data.Tests\Aapi.Seminars.Data.Tests.csproj", "{72298711-BF8C-4EA5-8536-AA6745CC618F}"
EndProject
Project("{FAE04EC0-301F-11D3-BF4B-00C04F79EFBC}") = "Aapi.Seminars.Business.Tests", "Aapi.Seminars.Business.Tests\Aapi.Seminars.Business.Tests.csproj", "{E63249E2-D235-42AE-83AF-036B8385B04E}"
EndProject
Project("{FAE04EC0-301F-11D3-BF4B-00C04F79EFBC}") = "Aapi.Seminars.Api", "Aapi.Seminars.Api\Aapi.Seminars.Api.csproj", "{0E94D96E-6F28-4001-8AF5-05100E476665}"
EndProject
Project("{FAE04EC0-301F-11D3-BF4B-00C04F79EFBC}") = "Aapi.Seminars.Api.Tests", "Aapi.Seminars.Api.Tests\Aapi.Seminars.Api.Tests.csproj", "{294D0848-3B44-4827-B5F6-F94727DEE259}"
EndProject
Global
	GlobalSection(SolutionConfigurationPlatforms) = preSolution
		Debug|Any CPU = Debug|Any CPU
		Release|Any CPU = Release|Any CPU
	EndGlobalSection
	GlobalSection(ProjectConfigurationPlatforms) = postSolution
		{B355AC4A-0414-4160-8449-EC0F26987CBD}.Debug|Any CPU.ActiveCfg = Debug|Any CPU
		{B355AC4A-0414-4160-8449-EC0F26987CBD}.Debug|Any CPU.Build.0 = Debug|Any CPU
		{B355AC4A-0414-4160-8449-EC0F26987CBD}.Release|Any CPU.ActiveCfg = Release|Any CPU
		{B355AC4A-0414-4160-8449-EC0F26987CBD}.Release|Any CPU.Build.0 = Release|Any CPU
		{4627D5B0-9E3B-4D8A-9192-98378620F893}.Debug|Any CPU.ActiveCfg = Debug|Any CPU
		{4627D5B0-9E3B-4D8A-9192-98378620F893}.Debug|Any CPU.Build.0 = Debug|Any CPU
		{4627D5B0-9E3B-4D8A-9192-98378620F893}.Release|Any CPU.ActiveCfg = Release|Any CPU
		{4627D5B0-9E3B-4D8A-9192-98378620F893}.Release|Any CPU.Build.0 = Release|Any CPU
		{72298711-BF8C-4EA5-8536-AA6745CC618F}.Debug|Any CPU.ActiveCfg = Debug|Any CPU
		{72298711-BF8C-4EA5-8536-AA6745CC618F}.Debug|Any CPU.Build.0 = Debug|Any CPU
		{72298711-BF8C-4EA5-8536-AA6745CC618F}.Release|Any CPU.ActiveCfg = Release|Any CPU
		{72298711-BF8C-4EA5-8536-AA6745CC618F}.Release|Any CPU.Build.0 = Release|Any CPU
		{E63249E2-D235-42AE-83AF-036B8385B04E}.Debug|Any CPU.ActiveCfg = Debug|Any CPU
		{E63249E2-D235-42AE-83AF-036B8385B04E}.Debug|Any CPU.Build.0 = Debug|Any CPU
		{E63249E2-D235-42AE-83AF-036B8385B04E}.Release|Any CPU.ActiveCfg = Release|Any CPU
		{E63249E2-D235-42AE-83AF-036B8385B04E}.Release|Any CPU.Build.0 = Release|Any CPU
		{0E94D96E-6F28-4001-8AF5-05100E476665}.Debug|Any CPU.ActiveCfg = Debug|Any CPU
		{0E94D96E-6F28-4001-8AF5-05100E476665}.Debug|Any CPU.Build.0 = Debug|Any CPU
		{0E94D96E-6F28-4001-8AF5-05100E476665}.Release|Any CPU.ActiveCfg = Release|Any CPU
		{0E94D96E-6F28-4001-8AF5-05100E476665}.Release|Any CPU.Build.0 = Release|Any CPU
		{294D0848-3B44-4827-B5F6-F94727DEE259}.Debug|Any CPU.ActiveCfg = Debug|Any CPU
		{294D0848-3B44-4827-B5F6-F94727DEE259}.Debug|Any CPU.Build.0 = Debug|Any CPU
		{294D0848-3B44-4827-B5F6-F94727DEE259}.Release|Any CPU.ActiveCfg = Release|Any CPU
		{294D0848-3B44-4827-B5F6-F94727DEE259}.Release|Any CPU.Build.0 = Release|Any CPU
	EndGlobalSection
	GlobalSection(SolutionProperties) = preSolution
		HideSolutionNode = FALSE
	EndGlobalSection
EndGlobal
